Microsoft Visual Studio Solution File, Format Version 11.00
# Visual Studio 2008

Project("{17B5AF35-2700-BA91-2EF8-6ADAF3EA9A5F}") = "Super_GuP_Taisen", "Assembly-CSharp.csproj", "{8A7FB512-86E2-CB3A-690C-8719B3661C04}"
EndProject
Global
	GlobalSection(SolutionConfigurationPlatforms) = preSolution
		Debug|Any CPU = Debug|Any CPU
		Release|Any CPU = Release|Any CPU
	EndGlobalSection
	GlobalSection(ProjectConfigurationPlatforms) = postSolution
		{8A7FB512-86E2-CB3A-690C-8719B3661C04}.Debug|Any CPU.ActiveCfg = Debug|Any CPU
		{8A7FB512-86E2-CB3A-690C-8719B3661C04}.Debug|Any CPU.Build.0 = Debug|Any CPU
		{8A7FB512-86E2-CB3A-690C-8719B3661C04}.Release|Any CPU.ActiveCfg = Release|Any CPU
		{8A7FB512-86E2-CB3A-690C-8719B3661C04}.Release|Any CPU.Build.0 = Release|Any CPU
	EndGlobalSection
	GlobalSection(SolutionProperties) = preSolution
		HideSolutionNode = FALSE
	EndGlobalSection
	GlobalSection(MonoDevelopProperties) = preSolution
		StartupItem = Assembly-CSharp.csproj
	EndGlobalSection
EndGlobal
